
Microsoft Visual Studio Solution File, Format Version 12.00
# Visual Studio Version 17
VisualStudioVersion = 17.3.32825.248
MinimumVisualStudioVersion = 10.0.40219.1
Project("{9A19103F-16F7-4668-BE54-9A1E7A4F7556}") = "CrudRazorAppWeb", "CrudRazorAppWeb\CrudRazorAppWeb.csproj", "{91E15945-2900-4170-A58D-4A532EFE2927}"
EndProject
Global
	GlobalSection(SolutionConfigurationPlatforms) = preSolution
		Debug|Any CPU = Debug|Any CPU
		Release|Any CPU = Release|Any CPU
	EndGlobalSection
	GlobalSection(ProjectConfigurationPlatforms) = postSolution
		{91E15945-2900-4170-A58D-4A532EFE2927}.Debug|Any CPU.ActiveCfg = Debug|Any CPU
		{91E15945-2900-4170-A58D-4A532EFE2927}.Debug|Any CPU.Build.0 = Debug|Any CPU
		{91E15945-2900-4170-A58D-4A532EFE2927}.Release|Any CPU.ActiveCfg = Release|Any CPU
		{91E15945-2900-4170-A58D-4A532EFE2927}.Release|Any CPU.Build.0 = Release|Any CPU
	EndGlobalSection
	GlobalSection(SolutionProperties) = preSolution
		HideSolutionNode = FALSE
	EndGlobalSection
	GlobalSection(ExtensibilityGlobals) = postSolution
		SolutionGuid = {B95A9829-2330-44D2-8912-7DE2A0CE73B9}
	EndGlobalSection
EndGlobal
